
Microsoft Visual Studio Solution File, Format Version 12.00
# Visual Studio Version 16
VisualStudioVersion = 16.0.32002.261
MinimumVisualStudioVersion = 10.0.40219.1
Project("{FAE04EC0-301F-11D3-BF4B-00C04F79EFBC}") = "VererbungBeispiel", "VererbungBeispiel\VererbungBeispiel.csproj", "{0AD966D9-C788-48C2-B42C-5840569F0C6B}"
EndProject
Global
	GlobalSection(SolutionConfigurationPlatforms) = preSolution
		Debug|Any CPU = Debug|Any CPU
		Release|Any CPU = Release|Any CPU
	EndGlobalSection
	GlobalSection(ProjectConfigurationPlatforms) = postSolution
		{0AD966D9-C788-48C2-B42C-5840569F0C6B}.Debug|Any CPU.ActiveCfg = Debug|Any CPU
		{0AD966D9-C788-48C2-B42C-5840569F0C6B}.Debug|Any CPU.Build.0 = Debug|Any CPU
		{0AD966D9-C788-48C2-B42C-5840569F0C6B}.Release|Any CPU.ActiveCfg = Release|Any CPU
		{0AD966D9-C788-48C2-B42C-5840569F0C6B}.Release|Any CPU.Build.0 = Release|Any CPU
	EndGlobalSection
	GlobalSection(SolutionProperties) = preSolution
		HideSolutionNode = FALSE
	EndGlobalSection
	GlobalSection(ExtensibilityGlobals) = postSolution
		SolutionGuid = {C12A31F2-6EA9-4375-A88E-A8E009D87DB3}
	EndGlobalSection
EndGlobal
