
Microsoft Visual Studio Solution File, Format Version 12.00
# Visual Studio Version 16
VisualStudioVersion = 16.0.32002.261
MinimumVisualStudioVersion = 10.0.40219.1
Project("{FAE04EC0-301F-11D3-BF4B-00C04F79EFBC}") = "DisposableBeispiel", "DisposableBeispiel\DisposableBeispiel.csproj", "{99850BAC-F10E-42F0-B5A5-C20B9F754A1A}"
EndProject
Global
	GlobalSection(SolutionConfigurationPlatforms) = preSolution
		Debug|Any CPU = Debug|Any CPU
		Release|Any CPU = Release|Any CPU
	EndGlobalSection
	GlobalSection(ProjectConfigurationPlatforms) = postSolution
		{99850BAC-F10E-42F0-B5A5-C20B9F754A1A}.Debug|Any CPU.ActiveCfg = Debug|Any CPU
		{99850BAC-F10E-42F0-B5A5-C20B9F754A1A}.Debug|Any CPU.Build.0 = Debug|Any CPU
		{99850BAC-F10E-42F0-B5A5-C20B9F754A1A}.Release|Any CPU.ActiveCfg = Release|Any CPU
		{99850BAC-F10E-42F0-B5A5-C20B9F754A1A}.Release|Any CPU.Build.0 = Release|Any CPU
	EndGlobalSection
	GlobalSection(SolutionProperties) = preSolution
		HideSolutionNode = FALSE
	EndGlobalSection
	GlobalSection(ExtensibilityGlobals) = postSolution
		SolutionGuid = {E6DBD442-E649-49E3-B423-E0D68B2A10F7}
	EndGlobalSection
EndGlobal
